
Microsoft Visual Studio Solution File, Format Version 12.00
# Visual Studio Version 16
VisualStudioVersion = 16.0.30104.148
MinimumVisualStudioVersion = 10.0.40219.1
Project("{FAE04EC0-301F-11D3-BF4B-00C04F79EFBC}") = "SimsigImporter", "SimsigImporter\SimsigImporter.csproj", "{217209F3-005D-4A8C-B632-ED42ED9C8F3E}"
EndProject
Project("{9A19103F-16F7-4668-BE54-9A1E7A4F7556}") = "SimsigImporterLibrary", "SimsigImporterLibrary\SimsigImporterLibrary.csproj", "{6E06EEA1-8F58-422A-901C-69FC1B26F07C}"
EndProject
Project("{54435603-DBB4-11D2-8724-00A0C9A8B90C}") = "SimsigInstaller", "SimsigInstaller\SimsigInstaller.vdproj", "{4EBBC2BE-F248-4A80-98D0-4294C4D8E45C}"
EndProject
Global
	GlobalSection(SolutionConfigurationPlatforms) = preSolution
		Debug|Any CPU = Debug|Any CPU
		Release|Any CPU = Release|Any CPU
	EndGlobalSection
	GlobalSection(ProjectConfigurationPlatforms) = postSolution
		{217209F3-005D-4A8C-B632-ED42ED9C8F3E}.Debug|Any CPU.ActiveCfg = Debug|Any CPU
		{217209F3-005D-4A8C-B632-ED42ED9C8F3E}.Debug|Any CPU.Build.0 = Debug|Any CPU
		{217209F3-005D-4A8C-B632-ED42ED9C8F3E}.Release|Any CPU.ActiveCfg = Release|Any CPU
		{217209F3-005D-4A8C-B632-ED42ED9C8F3E}.Release|Any CPU.Build.0 = Release|Any CPU
		{6E06EEA1-8F58-422A-901C-69FC1B26F07C}.Debug|Any CPU.ActiveCfg = Debug|Any CPU
		{6E06EEA1-8F58-422A-901C-69FC1B26F07C}.Debug|Any CPU.Build.0 = Debug|Any CPU
		{6E06EEA1-8F58-422A-901C-69FC1B26F07C}.Release|Any CPU.ActiveCfg = Release|Any CPU
		{6E06EEA1-8F58-422A-901C-69FC1B26F07C}.Release|Any CPU.Build.0 = Release|Any CPU
		{4EBBC2BE-F248-4A80-98D0-4294C4D8E45C}.Debug|Any CPU.ActiveCfg = Debug
		{4EBBC2BE-F248-4A80-98D0-4294C4D8E45C}.Release|Any CPU.ActiveCfg = Release
	EndGlobalSection
	GlobalSection(SolutionProperties) = preSolution
		HideSolutionNode = FALSE
	EndGlobalSection
	GlobalSection(ExtensibilityGlobals) = postSolution
		SolutionGuid = {4659A8A4-044F-4FC9-8436-CC0D4342696A}
	EndGlobalSection
EndGlobal
